// !$*UTF8*$!
{
	archiveVersion = 1;
	classes = {
	};
	objectVersion = 51;
	objects = {

/* Begin PBXBuildFile section */
		3E328C732653471100F72B98 /* MovieTableViewCell.xib in Resources */ = {isa = PBXBuildFile; fileRef = 3E328C722653471100F72B98 /* MovieTableViewCell.xib */; };
		3E328C77265351EB00F72B98 /* NetworkService.swift in Sources */ = {isa = PBXBuildFile; fileRef = 3E328C76265351EB00F72B98 /* NetworkService.swift */; };
		3E328C7D2653574100F72B98 /* NetworkLoader.swift in Sources */ = {isa = PBXBuildFile; fileRef = 3E328C7C2653574100F72B98 /* NetworkLoader.swift */; };
		3E328C802653AD7800F72B98 /* MoviesController.swift in Sources */ = {isa = PBXBuildFile; fileRef = 3E328C7F2653AD7800F72B98 /* MoviesController.swift */; };
		3E328C832653CE5800F72B98 /* DetailMovieViewController.swift in Sources */ = {isa = PBXBuildFile; fileRef = 3E328C822653CE5800F72B98 /* DetailMovieViewController.swift */; };
		3E328C852653D20000F72B98 /* DetailMovie.swift in Sources */ = {isa = PBXBuildFile; fileRef = 3E328C842653D20000F72B98 /* DetailMovie.swift */; };
		3E328C872653DCDF00F72B98 /* DetailMovieController.swift in Sources */ = {isa = PBXBuildFile; fileRef = 3E328C862653DCDF00F72B98 /* DetailMovieController.swift */; };
		3E56735B2654D6DB003DAEF6 /* DetailMovieViewController.xib in Resources */ = {isa = PBXBuildFile; fileRef = 3E56735A2654D6DB003DAEF6 /* DetailMovieViewController.xib */; };
		3E5740FD265218ED004B3959 /* AppDelegate.swift in Sources */ = {isa = PBXBuildFile; fileRef = 3E5740FC265218ED004B3959 /* AppDelegate.swift */; };
		3E5740FF265218ED004B3959 /* SceneDelegate.swift in Sources */ = {isa = PBXBuildFile; fileRef = 3E5740FE265218ED004B3959 /* SceneDelegate.swift */; };
		3E574101265218ED004B3959 /* MoviesViewController.swift in Sources */ = {isa = PBXBuildFile; fileRef = 3E574100265218ED004B3959 /* MoviesViewController.swift */; };
		3E574104265218ED004B3959 /* Main.storyboard in Resources */ = {isa = PBXBuildFile; fileRef = 3E574102265218ED004B3959 /* Main.storyboard */; };
		3E574107265218ED004B3959 /* MovieApp.xcdatamodeld in Sources */ = {isa = PBXBuildFile; fileRef = 3E574105265218ED004B3959 /* MovieApp.xcdatamodeld */; };
		3E574109265218EF004B3959 /* Assets.xcassets in Resources */ = {isa = PBXBuildFile; fileRef = 3E574108265218EF004B3959 /* Assets.xcassets */; };
		3E57410C265218EF004B3959 /* LaunchScreen.storyboard in Resources */ = {isa = PBXBuildFile; fileRef = 3E57410A265218EF004B3959 /* LaunchScreen.storyboard */; };
		3E57411D265226BB004B3959 /* Movie.swift in Sources */ = {isa = PBXBuildFile; fileRef = 3E57411C265226BB004B3959 /* Movie.swift */; };
		3E57412426527558004B3959 /* MovieTableViewCell.swift in Sources */ = {isa = PBXBuildFile; fileRef = 3E57412226527558004B3959 /* MovieTableViewCell.swift */; };
		3E57412B265298E1004B3959 /* .swiftlint.yml in Resources */ = {isa = PBXBuildFile; fileRef = 3E57412A265298E1004B3959 /* .swiftlint.yml */; };
		3E57412E26529CE5004B3959 /* MovieCollectionViewCell.swift in Sources */ = {isa = PBXBuildFile; fileRef = 3E57412C26529CE5004B3959 /* MovieCollectionViewCell.swift */; };
		3E57412F26529CE5004B3959 /* MovieCollectionViewCell.xib in Resources */ = {isa = PBXBuildFile; fileRef = 3E57412D26529CE5004B3959 /* MovieCollectionViewCell.xib */; };
		3E57413126529F16004B3959 /* Utils.swift in Sources */ = {isa = PBXBuildFile; fileRef = 3E57413026529F16004B3959 /* Utils.swift */; };
		3E9E3F522655018600E461EF /* OverviewViewController.swift in Sources */ = {isa = PBXBuildFile; fileRef = 3E9E3F502655018600E461EF /* OverviewViewController.swift */; };
		3E9E3F532655018600E461EF /* OverviewViewController.xib in Resources */ = {isa = PBXBuildFile; fileRef = 3E9E3F512655018600E461EF /* OverviewViewController.xib */; };
		DFCD0066732070D7A58CF3FB /* Pods_MovieApp.framework in Frameworks */ = {isa = PBXBuildFile; fileRef = CCFB1EF771A1CF88C8E8C24C /* Pods_MovieApp.framework */; };
/* End PBXBuildFile section */

/* Begin PBXFileReference section */
		3E328C722653471100F72B98 /* MovieTableViewCell.xib */ = {isa = PBXFileReference; fileEncoding = 4; lastKnownFileType = file.xib; path = MovieTableViewCell.xib; sourceTree = "<group>"; };
		3E328C76265351EB00F72B98 /* NetworkService.swift */ = {isa = PBXFileReference; lastKnownFileType = sourcecode.swift; path = NetworkService.swift; sourceTree = "<group>"; };
		3E328C7C2653574100F72B98 /* NetworkLoader.swift */ = {isa = PBXFileReference; lastKnownFileType = sourcecode.swift; path = NetworkLoader.swift; sourceTree = "<group>"; };
		3E328C7F2653AD7800F72B98 /* MoviesController.swift */ = {isa = PBXFileReference; lastKnownFileType = sourcecode.swift; path = MoviesController.swift; sourceTree = "<group>"; };
		3E328C822653CE5800F72B98 /* DetailMovieViewController.swift */ = {isa = PBXFileReference; lastKnownFileType = sourcecode.swift; path = DetailMovieViewController.swift; sourceTree = "<group>"; };
		3E328C842653D20000F72B98 /* DetailMovie.swift */ = {isa = PBXFileReference; lastKnownFileType = sourcecode.swift; path = DetailMovie.swift; sourceTree = "<group>"; };
		3E328C862653DCDF00F72B98 /* DetailMovieController.swift */ = {isa = PBXFileReference; lastKnownFileType = sourcecode.swift; path = DetailMovieController.swift; sourceTree = "<group>"; };
		3E56735A2654D6DB003DAEF6 /* DetailMovieViewController.xib */ = {isa = PBXFileReference; fileEncoding = 4; lastKnownFileType = file.xib; path = DetailMovieViewController.xib; sourceTree = "<group>"; };
		3E5740F9265218ED004B3959 /* MovieApp.app */ = {isa = PBXFileReference; explicitFileType = wrapper.application; includeInIndex = 0; path = MovieApp.app; sourceTree = BUILT_PRODUCTS_DIR; };
		3E5740FC265218ED004B3959 /* AppDelegate.swift */ = {isa = PBXFileReference; lastKnownFileType = sourcecode.swift; path = AppDelegate.swift; sourceTree = "<group>"; };
		3E5740FE265218ED004B3959 /* SceneDelegate.swift */ = {isa = PBXFileReference; lastKnownFileType = sourcecode.swift; path = SceneDelegate.swift; sourceTree = "<group>"; };
		3E574100265218ED004B3959 /* MoviesViewController.swift */ = {isa = PBXFileReference; lastKnownFileType = sourcecode.swift; path = MoviesViewController.swift; sourceTree = "<group>"; };
		3E574103265218ED004B3959 /* Base */ = {isa = PBXFileReference; lastKnownFileType = file.storyboard; name = Base; path = Base.lproj/Main.storyboard; sourceTree = "<group>"; };
		3E574106265218ED004B3959 /* MovieApp.xcdatamodel */ = {isa = PBXFileReference; lastKnownFileType = wrapper.xcdatamodel; path = MovieApp.xcdatamodel; sourceTree = "<group>"; };
		3E574108265218EF004B3959 /* Assets.xcassets */ = {isa = PBXFileReference; lastKnownFileType = folder.assetcatalog; path = Assets.xcassets; sourceTree = "<group>"; };
		3E57410B265218EF004B3959 /* Base */ = {isa = PBXFileReference; lastKnownFileType = file.storyboard; name = Base; path = Base.lproj/LaunchScreen.storyboard; sourceTree = "<group>"; };
		3E57410D265218EF004B3959 /* Info.plist */ = {isa = PBXFileReference; lastKnownFileType = text.plist.xml; path = Info.plist; sourceTree = "<group>"; };
		3E57411C265226BB004B3959 /* Movie.swift */ = {isa = PBXFileReference; lastKnownFileType = sourcecode.swift; path = Movie.swift; sourceTree = "<group>"; };
		3E57412226527558004B3959 /* MovieTableViewCell.swift */ = {isa = PBXFileReference; lastKnownFileType = sourcecode.swift; path = MovieTableViewCell.swift; sourceTree = "<group>"; };
		3E57412A265298E1004B3959 /* .swiftlint.yml */ = {isa = PBXFileReference; lastKnownFileType = text.yaml; path = .swiftlint.yml; sourceTree = "<group>"; };
		3E57412C26529CE5004B3959 /* MovieCollectionViewCell.swift */ = {isa = PBXFileReference; lastKnownFileType = sourcecode.swift; path = MovieCollectionViewCell.swift; sourceTree = "<group>"; };
		3E57412D26529CE5004B3959 /* MovieCollectionViewCell.xib */ = {isa = PBXFileReference; lastKnownFileType = file.xib; path = MovieCollectionViewCell.xib; sourceTree = "<group>"; };
		3E57413026529F16004B3959 /* Utils.swift */ = {isa = PBXFileReference; lastKnownFileType = sourcecode.swift; path = Utils.swift; sourceTree = "<group>"; };
		3E9E3F502655018600E461EF /* OverviewViewController.swift */ = {isa = PBXFileReference; lastKnownFileType = sourcecode.swift; path = OverviewViewController.swift; sourceTree = "<group>"; };
		3E9E3F512655018600E461EF /* OverviewViewController.xib */ = {isa = PBXFileReference; lastKnownFileType = file.xib; path = OverviewViewController.xib; sourceTree = "<group>"; };
		749252224256807357F42A5A /* Pods-MovieApp.release.xcconfig */ = {isa = PBXFileReference; includeInIndex = 1; lastKnownFileType = text.xcconfig; name = "Pods-MovieApp.release.xcconfig"; path = "Target Support Files/Pods-MovieApp/Pods-MovieApp.release.xcconfig"; sourceTree = "<group>"; };
		ADF0ED608F9B06E18FB13835 /* Pods-MovieApp.debug.xcconfig */ = {isa = PBXFileReference; includeInIndex = 1; lastKnownFileType = text.xcconfig; name = "Pods-MovieApp.debug.xcconfig"; path = "Target Support Files/Pods-MovieApp/Pods-MovieApp.debug.xcconfig"; sourceTree = "<group>"; };
		CCFB1EF771A1CF88C8E8C24C /* Pods_MovieApp.framework */ = {isa = PBXFileReference; explicitFileType = wrapper.framework; includeInIndex = 0; path = Pods_MovieApp.framework; sourceTree = BUILT_PRODUCTS_DIR; };
/* End PBXFileReference section */

/* Begin PBXFrameworksBuildPhase section */
		3E5740F6265218ED004B3959 /* Frameworks */ = {
			isa = PBXFrameworksBuildPhase;
			buildActionMask = 2147483647;
			files = (
				DFCD0066732070D7A58CF3FB /* Pods_MovieApp.framework in Frameworks */,
			);
			runOnlyForDeploymentPostprocessing = 0;
		};
/* End PBXFrameworksBuildPhase section */

/* Begin PBXGroup section */
		3E328C6D2653414300F72B98 /* Movies */ = {
			isa = PBXGroup;
			children = (
				3E574100265218ED004B3959 /* MoviesViewController.swift */,
				3E328C722653471100F72B98 /* MovieTableViewCell.xib */,
				3E57412226527558004B3959 /* MovieTableViewCell.swift */,
				3E57412D26529CE5004B3959 /* MovieCollectionViewCell.xib */,
				3E57412C26529CE5004B3959 /* MovieCollectionViewCell.swift */,
				3E328C7F2653AD7800F72B98 /* MoviesController.swift */,
			);
			path = Movies;
			sourceTree = "<group>";
		};
		3E328C7E2653A0B800F72B98 /* Network */ = {
			isa = PBXGroup;
			children = (
				3E328C76265351EB00F72B98 /* NetworkService.swift */,
				3E328C7C2653574100F72B98 /* NetworkLoader.swift */,
			);
			path = Network;
			sourceTree = "<group>";
		};
		3E328C812653CDE700F72B98 /* Detail Movie */ = {
			isa = PBXGroup;
			children = (
				3E328C822653CE5800F72B98 /* DetailMovieViewController.swift */,
				3E56735A2654D6DB003DAEF6 /* DetailMovieViewController.xib */,
				3E328C862653DCDF00F72B98 /* DetailMovieController.swift */,
				3E9E3F502655018600E461EF /* OverviewViewController.swift */,
				3E9E3F512655018600E461EF /* OverviewViewController.xib */,
			);
			path = "Detail Movie";
			sourceTree = "<group>";
		};
		3E5740F0265218ED004B3959 = {
			isa = PBXGroup;
			children = (
				3E5740FB265218ED004B3959 /* MovieApp */,
				3E5740FA265218ED004B3959 /* Products */,
				D789C55C70190C6AA8A664C4 /* Pods */,
				E891FF160B5ADAFE8AFFA706 /* Frameworks */,
			);
			sourceTree = "<group>";
		};
		3E5740FA265218ED004B3959 /* Products */ = {
			isa = PBXGroup;
			children = (
				3E5740F9265218ED004B3959 /* MovieApp.app */,
			);
			name = Products;
			sourceTree = "<group>";
		};
		3E5740FB265218ED004B3959 /* MovieApp */ = {
			isa = PBXGroup;
			children = (
				3E328C812653CDE700F72B98 /* Detail Movie */,
				3E328C7E2653A0B800F72B98 /* Network */,
				3E328C6D2653414300F72B98 /* Movies */,
				3E57411826521A10004B3959 /* Models */,
				3E57411526521988004B3959 /* Supporting Files */,
				3E57412A265298E1004B3959 /* .swiftlint.yml */,
				3E574102265218ED004B3959 /* Main.storyboard */,
			);
			path = MovieApp;
			sourceTree = "<group>";
		};
		3E57411526521988004B3959 /* Supporting Files */ = {
			isa = PBXGroup;
			children = (
				3E57413026529F16004B3959 /* Utils.swift */,
				3E57410D265218EF004B3959 /* Info.plist */,
				3E5740FC265218ED004B3959 /* AppDelegate.swift */,
				3E5740FE265218ED004B3959 /* SceneDelegate.swift */,
				3E574108265218EF004B3959 /* Assets.xcassets */,
				3E57410A265218EF004B3959 /* LaunchScreen.storyboard */,
			);
			path = "Supporting Files";
			sourceTree = "<group>";
		};
		3E57411826521A10004B3959 /* Models */ = {
			isa = PBXGroup;
			children = (
				3E574105265218ED004B3959 /* MovieApp.xcdatamodeld */,
				3E57411C265226BB004B3959 /* Movie.swift */,
				3E328C842653D20000F72B98 /* DetailMovie.swift */,
			);
			path = Models;
			sourceTree = "<group>";
		};
		D789C55C70190C6AA8A664C4 /* Pods */ = {
			isa = PBXGroup;
			children = (
				ADF0ED608F9B06E18FB13835 /* Pods-MovieApp.debug.xcconfig */,
				749252224256807357F42A5A /* Pods-MovieApp.release.xcconfig */,
			);
			path = Pods;
			sourceTree = "<group>";
		};
		E891FF160B5ADAFE8AFFA706 /* Frameworks */ = {
			isa = PBXGroup;
			children = (
				CCFB1EF771A1CF88C8E8C24C /* Pods_MovieApp.framework */,
			);
			name = Frameworks;
			sourceTree = "<group>";
		};
/* End PBXGroup section */

/* Begin PBXNativeTarget section */
		3E5740F8265218ED004B3959 /* MovieApp */ = {
			isa = PBXNativeTarget;
			buildConfigurationList = 3E574110265218EF004B3959 /* Build configuration list for PBXNativeTarget "MovieApp" */;
			buildPhases = (
				DBDF00AC02073C8FA9B95530 /* [CP] Check Pods Manifest.lock */,
				3E5740F5265218ED004B3959 /* Sources */,
				3E5740F6265218ED004B3959 /* Frameworks */,
				3E5740F7265218ED004B3959 /* Resources */,
				3E57411B26521D53004B3959 /* ShellScript */,
				461983E4B25B1E910F2BBC36 /* [CP] Embed Pods Frameworks */,
			);
			buildRules = (
			);
			dependencies = (
			);
			name = MovieApp;
			productName = MovieApp;
			productReference = 3E5740F9265218ED004B3959 /* MovieApp.app */;
			productType = "com.apple.product-type.application";
		};
/* End PBXNativeTarget section */

/* Begin PBXProject section */
		3E5740F1265218ED004B3959 /* Project object */ = {
			isa = PBXProject;
			attributes = {
				LastSwiftUpdateCheck = 1250;
				LastUpgradeCheck = 1250;
				ORGANIZATIONNAME = "Wakhid Saiful Hidayat";
				TargetAttributes = {
					3E5740F8265218ED004B3959 = {
						CreatedOnToolsVersion = 12.5;
					};
				};
			};
			buildConfigurationList = 3E5740F4265218ED004B3959 /* Build configuration list for PBXProject "MovieApp" */;
			compatibilityVersion = "Xcode 9.3";
			developmentRegion = en;
			hasScannedForEncodings = 0;
			knownRegions = (
				en,
				Base,
			);
			mainGroup = 3E5740F0265218ED004B3959;
			productRefGroup = 3E5740FA265218ED004B3959 /* Products */;
			projectDirPath = "";
			projectRoot = "";
			targets = (
				3E5740F8265218ED004B3959 /* MovieApp */,
			);
		};
/* End PBXProject section */

/* Begin PBXResourcesBuildPhase section */
		3E5740F7265218ED004B3959 /* Resources */ = {
			isa = PBXResourcesBuildPhase;
			buildActionMask = 2147483647;
			files = (
				3E57410C265218EF004B3959 /* LaunchScreen.storyboard in Resources */,
				3E9E3F532655018600E461EF /* OverviewViewController.xib in Resources */,
				3E56735B2654D6DB003DAEF6 /* DetailMovieViewController.xib in Resources */,
				3E57412F26529CE5004B3959 /* MovieCollectionViewCell.xib in Resources */,
				3E328C732653471100F72B98 /* MovieTableViewCell.xib in Resources */,
				3E57412B265298E1004B3959 /* .swiftlint.yml in Resources */,
				3E574109265218EF004B3959 /* Assets.xcassets in Resources */,
				3E574104265218ED004B3959 /* Main.storyboard in Resources */,
			);
			runOnlyForDeploymentPostprocessing = 0;
		};
/* End PBXResourcesBuildPhase section */

/* Begin PBXShellScriptBuildPhase section */
		3E57411B26521D53004B3959 /* ShellScript */ = {
			isa = PBXShellScriptBuildPhase;
			buildActionMask = 2147483647;
			files = (
			);
			inputFileListPaths = (
			);
			inputPaths = (
			);
			outputFileListPaths = (
			);
			outputPaths = (
			);
			runOnlyForDeploymentPostprocessing = 0;
			shellPath = /bin/sh;
			shellScript = "if which swiftlint >/dev/null; then\n  swiftlint\nelse\n  echo \"warning: SwiftLint not installed, download from https://github.com/realm/SwiftLint\"\nfi\n\n";
		};
		461983E4B25B1E910F2BBC36 /* [CP] Embed Pods Frameworks */ = {
			isa = PBXShellScriptBuildPhase;
			buildActionMask = 2147483647;
			files = (
			);
			inputFileListPaths = (
				"${PODS_ROOT}/Target Support Files/Pods-MovieApp/Pods-MovieApp-frameworks-${CONFIGURATION}-input-files.xcfilelist",
			);
			name = "[CP] Embed Pods Frameworks";
			outputFileListPaths = (
				"${PODS_ROOT}/Target Support Files/Pods-MovieApp/Pods-MovieApp-frameworks-${CONFIGURATION}-output-files.xcfilelist",
			);
			runOnlyForDeploymentPostprocessing = 0;
			shellPath = /bin/sh;
			shellScript = "\"${PODS_ROOT}/Target Support Files/Pods-MovieApp/Pods-MovieApp-frameworks.sh\"\n";
			showEnvVarsInLog = 0;
		};
		DBDF00AC02073C8FA9B95530 /* [CP] Check Pods Manifest.lock */ = {
			isa = PBXShellScriptBuildPhase;
			buildActionMask = 2147483647;
			files = (
			);
			inputFileListPaths = (
			);
			inputPaths = (
				"${PODS_PODFILE_DIR_PATH}/Podfile.lock",
				"${PODS_ROOT}/Manifest.lock",
			);
			name = "[CP] Check Pods Manifest.lock";
			outputFileListPaths = (
			);
			outputPaths = (
				"$(DERIVED_FILE_DIR)/Pods-MovieApp-checkManifestLockResult.txt",
			);
			runOnlyForDeploymentPostprocessing = 0;
			shellPath = /bin/sh;
			shellScript = "diff \"${PODS_PODFILE_DIR_PATH}/Podfile.lock\" \"${PODS_ROOT}/Manifest.lock\" > /dev/null\nif [ $? != 0 ] ; then\n    # print error to STDERR\n    echo \"error: The sandbox is not in sync with the Podfile.lock. Run 'pod install' or update your CocoaPods installation.\" >&2\n    exit 1\nfi\n# This output is used by Xcode 'outputs' to avoid re-running this script phase.\necho \"SUCCESS\" > \"${SCRIPT_OUTPUT_FILE_0}\"\n";
			showEnvVarsInLog = 0;
		};
/* End PBXShellScriptBuildPhase section */

/* Begin PBXSourcesBuildPhase section */
		3E5740F5265218ED004B3959 /* Sources */ = {
			isa = PBXSourcesBuildPhase;
			buildActionMask = 2147483647;
			files = (
				3E328C852653D20000F72B98 /* DetailMovie.swift in Sources */,
				3E328C77265351EB00F72B98 /* NetworkService.swift in Sources */,
				3E9E3F522655018600E461EF /* OverviewViewController.swift in Sources */,
				3E57412E26529CE5004B3959 /* MovieCollectionViewCell.swift in Sources */,
				3E328C872653DCDF00F72B98 /* DetailMovieController.swift in Sources */,
				3E57413126529F16004B3959 /* Utils.swift in Sources */,
				3E574101265218ED004B3959 /* MoviesViewController.swift in Sources */,
				3E328C832653CE5800F72B98 /* DetailMovieViewController.swift in Sources */,
				3E5740FD265218ED004B3959 /* AppDelegate.swift in Sources */,
				3E57412426527558004B3959 /* MovieTableViewCell.swift in Sources */,
				3E574107265218ED004B3959 /* MovieApp.xcdatamodeld in Sources */,
				3E328C802653AD7800F72B98 /* MoviesController.swift in Sources */,
				3E5740FF265218ED004B3959 /* SceneDelegate.swift in Sources */,
				3E328C7D2653574100F72B98 /* NetworkLoader.swift in Sources */,
				3E57411D265226BB004B3959 /* Movie.swift in Sources */,
			);
			runOnlyForDeploymentPostprocessing = 0;
		};
/* End PBXSourcesBuildPhase section */

/* Begin PBXVariantGroup section */
		3E574102265218ED004B3959 /* Main.storyboard */ = {
			isa = PBXVariantGroup;
			children = (
				3E574103265218ED004B3959 /* Base */,
			);
			name = Main.storyboard;
			sourceTree = "<group>";
		};
		3E57410A265218EF004B3959 /* LaunchScreen.storyboard */ = {
			isa = PBXVariantGroup;
			children = (
				3E57410B265218EF004B3959 /* Base */,
			);
			name = LaunchScreen.storyboard;
			sourceTree = "<group>";
		};
/* End PBXVariantGroup section */

/* Begin XCBuildConfiguration section */
		3E57410E265218EF004B3959 /* Debug */ = {
			isa = XCBuildConfiguration;
			buildSettings = {
				ALWAYS_SEARCH_USER_PATHS = NO;
				CLANG_ANALYZER_NONNULL = YES;
				CLANG_ANALYZER_NUMBER_OBJECT_CONVERSION = YES_AGGRESSIVE;
				CLANG_CXX_LANGUAGE_STANDARD = "gnu++14";
				CLANG_CXX_LIBRARY = "libc++";
				CLANG_ENABLE_MODULES = YES;
				CLANG_ENABLE_OBJC_ARC = YES;
				CLANG_ENABLE_OBJC_WEAK = YES;
				CLANG_WARN_BLOCK_CAPTURE_AUTORELEASING = YES;
				CLANG_WARN_BOOL_CONVERSION = YES;
				CLANG_WARN_COMMA = YES;
				CLANG_WARN_CONSTANT_CONVERSION = YES;
				CLANG_WARN_DEPRECATED_OBJC_IMPLEMENTATIONS = YES;
				CLANG_WARN_DIRECT_OBJC_ISA_USAGE = YES_ERROR;
				CLANG_WARN_DOCUMENTATION_COMMENTS = YES;
				CLANG_WARN_EMPTY_BODY = YES;
				CLANG_WARN_ENUM_CONVERSION = YES;
				CLANG_WARN_INFINITE_RECURSION = YES;
				CLANG_WARN_INT_CONVERSION = YES;
				CLANG_WARN_NON_LITERAL_NULL_CONVERSION = YES;
				CLANG_WARN_OBJC_IMPLICIT_RETAIN_SELF = YES;
				CLANG_WARN_OBJC_LITERAL_CONVERSION = YES;
				CLANG_WARN_OBJC_ROOT_CLASS = YES_ERROR;
				CLANG_WARN_QUOTED_INCLUDE_IN_FRAMEWORK_HEADER = YES;
				CLANG_WARN_RANGE_LOOP_ANALYSIS = YES;
				CLANG_WARN_STRICT_PROTOTYPES = YES;
				CLANG_WARN_SUSPICIOUS_MOVE = YES;
				CLANG_WARN_UNGUARDED_AVAILABILITY = YES_AGGRESSIVE;
				CLANG_WARN_UNREACHABLE_CODE = YES;
				CLANG_WARN__DUPLICATE_METHOD_MATCH = YES;
				COPY_PHASE_STRIP = NO;
				DEBUG_INFORMATION_FORMAT = dwarf;
				ENABLE_STRICT_OBJC_MSGSEND = YES;
				ENABLE_TESTABILITY = YES;
				GCC_C_LANGUAGE_STANDARD = gnu11;
				GCC_DYNAMIC_NO_PIC = NO;
				GCC_NO_COMMON_BLOCKS = YES;
				GCC_OPTIMIZATION_LEVEL = 0;
				GCC_PREPROCESSOR_DEFINITIONS = (
					"DEBUG=1",
					"$(inherited)",
				);
				GCC_WARN_64_TO_32_BIT_CONVERSION = YES;
				GCC_WARN_ABOUT_RETURN_TYPE = YES_ERROR;
				GCC_WARN_UNDECLARED_SELECTOR = YES;
				GCC_WARN_UNINITIALIZED_AUTOS = YES_AGGRESSIVE;
				GCC_WARN_UNUSED_FUNCTION = YES;
				GCC_WARN_UNUSED_VARIABLE = YES;
				IPHONEOS_DEPLOYMENT_TARGET = 14.5;
				MTL_ENABLE_DEBUG_INFO = INCLUDE_SOURCE;
				MTL_FAST_MATH = YES;
				ONLY_ACTIVE_ARCH = YES;
				SDKROOT = iphoneos;
				SWIFT_ACTIVE_COMPILATION_CONDITIONS = DEBUG;
				SWIFT_OPTIMIZATION_LEVEL = "-Onone";
			};
			name = Debug;
		};
		3E57410F265218EF004B3959 /* Release */ = {
			isa = XCBuildConfiguration;
			buildSettings = {
				ALWAYS_SEARCH_USER_PATHS = NO;
				CLANG_ANALYZER_NONNULL = YES;
				CLANG_ANALYZER_NUMBER_OBJECT_CONVERSION = YES_AGGRESSIVE;
				CLANG_CXX_LANGUAGE_STANDARD = "gnu++14";
				CLANG_CXX_LIBRARY = "libc++";
				CLANG_ENABLE_MODULES = YES;
				CLANG_ENABLE_OBJC_ARC = YES;
				CLANG_ENABLE_OBJC_WEAK = YES;
				CLANG_WARN_BLOCK_CAPTURE_AUTORELEASING = YES;
				CLANG_WARN_BOOL_CONVERSION = YES;
				CLANG_WARN_COMMA = YES;
				CLANG_WARN_CONSTANT_CONVERSION = YES;
				CLANG_WARN_DEPRECATED_OBJC_IMPLEMENTATIONS = YES;
				CLANG_WARN_DIRECT_OBJC_ISA_USAGE = YES_ERROR;
				CLANG_WARN_DOCUMENTATION_COMMENTS = YES;
				CLANG_WARN_EMPTY_BODY = YES;
				CLANG_WARN_ENUM_CONVERSION = YES;
				CLANG_WARN_INFINITE_RECURSION = YES;
				CLANG_WARN_INT_CONVERSION = YES;
				CLANG_WARN_NON_LITERAL_NULL_CONVERSION = YES;
				CLANG_WARN_OBJC_IMPLICIT_RETAIN_SELF = YES;
				CLANG_WARN_OBJC_LITERAL_CONVERSION = YES;
				CLANG_WARN_OBJC_ROOT_CLASS = YES_ERROR;
				CLANG_WARN_QUOTED_INCLUDE_IN_FRAMEWORK_HEADER = YES;
				CLANG_WARN_RANGE_LOOP_ANALYSIS = YES;
				CLANG_WARN_STRICT_PROTOTYPES = YES;
				CLANG_WARN_SUSPICIOUS_MOVE = YES;
				CLANG_WARN_UNGUARDED_AVAILABILITY = YES_AGGRESSIVE;
				CLANG_WARN_UNREACHABLE_CODE = YES;
				CLANG_WARN__DUPLICATE_METHOD_MATCH = YES;
				COPY_PHASE_STRIP = NO;
				DEBUG_INFORMATION_FORMAT = "dwarf-with-dsym";
				ENABLE_NS_ASSERTIONS = NO;
				ENABLE_STRICT_OBJC_MSGSEND = YES;
				GCC_C_LANGUAGE_STANDARD = gnu11;
				GCC_NO_COMMON_BLOCKS = YES;
				GCC_WARN_64_TO_32_BIT_CONVERSION = YES;
				GCC_WARN_ABOUT_RETURN_TYPE = YES_ERROR;
				GCC_WARN_UNDECLARED_SELECTOR = YES;
				GCC_WARN_UNINITIALIZED_AUTOS = YES_AGGRESSIVE;
				GCC_WARN_UNUSED_FUNCTION = YES;
				GCC_WARN_UNUSED_VARIABLE = YES;
				IPHONEOS_DEPLOYMENT_TARGET = 14.5;
				MTL_ENABLE_DEBUG_INFO = NO;
				MTL_FAST_MATH = YES;
				SDKROOT = iphoneos;
				SWIFT_COMPILATION_MODE = wholemodule;
				SWIFT_OPTIMIZATION_LEVEL = "-O";
				VALIDATE_PRODUCT = YES;
			};
			name = Release;
		};
		3E574111265218EF004B3959 /* Debug */ = {
			isa = XCBuildConfiguration;
			baseConfigurationReference = ADF0ED608F9B06E18FB13835 /* Pods-MovieApp.debug.xcconfig */;
			buildSettings = {
				ASSETCATALOG_COMPILER_APPICON_NAME = AppIcon;
				ASSETCATALOG_COMPILER_GLOBAL_ACCENT_COLOR_NAME = AccentColor;
				CODE_SIGN_STYLE = Automatic;
				DEVELOPMENT_TEAM = 94XJVN3C32;
				INFOPLIST_FILE = "MovieApp/Supporting Files/Info.plist";
				LD_RUNPATH_SEARCH_PATHS = (
					"$(inherited)",
					"@executable_path/Frameworks",
				);
				PRODUCT_BUNDLE_IDENTIFIER = com.wahidhidayat.MovieApp;
				PRODUCT_NAME = "$(TARGET_NAME)";
				SWIFT_VERSION = 5.0;
				TARGETED_DEVICE_FAMILY = "1,2";
			};
			name = Debug;
		};
		3E574112265218EF004B3959 /* Release */ = {
			isa = XCBuildConfiguration;
			baseConfigurationReference = 749252224256807357F42A5A /* Pods-MovieApp.release.xcconfig */;
			buildSettings = {
				ASSETCATALOG_COMPILER_APPICON_NAME = AppIcon;
				ASSETCATALOG_COMPILER_GLOBAL_ACCENT_COLOR_NAME = AccentColor;
				CODE_SIGN_STYLE = Automatic;
				DEVELOPMENT_TEAM = 94XJVN3C32;
				INFOPLIST_FILE = "MovieApp/Supporting Files/Info.plist";
				LD_RUNPATH_SEARCH_PATHS = (
					"$(inherited)",
					"@executable_path/Frameworks",
				);
				PRODUCT_BUNDLE_IDENTIFIER = com.wahidhidayat.MovieApp;
				PRODUCT_NAME = "$(TARGET_NAME)";
				SWIFT_VERSION = 5.0;
				TARGETED_DEVICE_FAMILY = "1,2";
			};
			name = Release;
		};
/* End XCBuildConfiguration section */

/* Begin XCConfigurationList section */
		3E5740F4265218ED004B3959 /* Build configuration list for PBXProject "MovieApp" */ = {
			isa = XCConfigurationList;
			buildConfigurations = (
				3E57410E265218EF004B3959 /* Debug */,
				3E57410F265218EF004B3959 /* Release */,
			);
			defaultConfigurationIsVisible = 0;
			defaultConfigurationName = Release;
		};
		3E574110265218EF004B3959 /* Build configuration list for PBXNativeTarget "MovieApp" */ = {
			isa = XCConfigurationList;
			buildConfigurations = (
				3E574111265218EF004B3959 /* Debug */,
				3E574112265218EF004B3959 /* Release */,
			);
			defaultConfigurationIsVisible = 0;
			defaultConfigurationName = Release;
		};
/* End XCConfigurationList section */

/* Begin XCVersionGroup section */
		3E574105265218ED004B3959 /* MovieApp.xcdatamodeld */ = {
			isa = XCVersionGroup;
			children = (
				3E574106265218ED004B3959 /* MovieApp.xcdatamodel */,
			);
			currentVersion = 3E574106265218ED004B3959 /* MovieApp.xcdatamodel */;
			path = MovieApp.xcdatamodeld;
			sourceTree = "<group>";
			versionGroupType = wrapper.xcdatamodel;
		};
/* End XCVersionGroup section */
	};
	rootObject = 3E5740F1265218ED004B3959 /* Project object */;
}
